
Microsoft Visual Studio Solution File, Format Version 12.00
# Visual Studio Version 16
VisualStudioVersion = 16.0.30804.86
MinimumVisualStudioVersion = 10.0.40219.1
Project("{FAE04EC0-301F-11D3-BF4B-00C04F79EFBC}") = "Apiauthentication", "Apiauthentication\Apiauthentication.csproj", "{D6D40F9A-3244-41FB-99C9-627199CB232E}"
EndProject
Global
	GlobalSection(SolutionConfigurationPlatforms) = preSolution
		Debug|Any CPU = Debug|Any CPU
		Release|Any CPU = Release|Any CPU
	EndGlobalSection
	GlobalSection(ProjectConfigurationPlatforms) = postSolution
		{D6D40F9A-3244-41FB-99C9-627199CB232E}.Debug|Any CPU.ActiveCfg = Debug|Any CPU
		{D6D40F9A-3244-41FB-99C9-627199CB232E}.Debug|Any CPU.Build.0 = Debug|Any CPU
		{D6D40F9A-3244-41FB-99C9-627199CB232E}.Release|Any CPU.ActiveCfg = Release|Any CPU
		{D6D40F9A-3244-41FB-99C9-627199CB232E}.Release|Any CPU.Build.0 = Release|Any CPU
	EndGlobalSection
	GlobalSection(SolutionProperties) = preSolution
		HideSolutionNode = FALSE
	EndGlobalSection
	GlobalSection(ExtensibilityGlobals) = postSolution
		SolutionGuid = {2697480D-823B-4ECD-B225-7CE4A64302B9}
	EndGlobalSection
EndGlobal
